
Microsoft Visual Studio Solution File, Format Version 12.00
# Visual Studio Version 16
VisualStudioVersion = 16.0.31005.135
MinimumVisualStudioVersion = 10.0.40219.1
Project("{FAE04EC0-301F-11D3-BF4B-00C04F79EFBC}") = "Practice", "IK\Practice\Practice.csproj", "{93F6624D-078E-4A62-895E-D6768BC9B096}"
EndProject
Global
	GlobalSection(SolutionConfigurationPlatforms) = preSolution
		Debug|Any CPU = Debug|Any CPU
		Release|Any CPU = Release|Any CPU
	EndGlobalSection
	GlobalSection(ProjectConfigurationPlatforms) = postSolution
		{93F6624D-078E-4A62-895E-D6768BC9B096}.Debug|Any CPU.ActiveCfg = Debug|Any CPU
		{93F6624D-078E-4A62-895E-D6768BC9B096}.Debug|Any CPU.Build.0 = Debug|Any CPU
		{93F6624D-078E-4A62-895E-D6768BC9B096}.Release|Any CPU.ActiveCfg = Release|Any CPU
		{93F6624D-078E-4A62-895E-D6768BC9B096}.Release|Any CPU.Build.0 = Release|Any CPU
	EndGlobalSection
	GlobalSection(SolutionProperties) = preSolution
		HideSolutionNode = FALSE
	EndGlobalSection
	GlobalSection(ExtensibilityGlobals) = postSolution
		SolutionGuid = {273C64F7-E54F-47DE-A944-D1C3EA9168C1}
	EndGlobalSection
EndGlobal
